
Microsoft Visual Studio Solution File, Format Version 12.00
# Visual Studio Version 17
VisualStudioVersion = 17.4.33110.190
MinimumVisualStudioVersion = 10.0.40219.1
Project("{9A19103F-16F7-4668-BE54-9A1E7A4F7556}") = "SecurityActivityQueuePrototype", "SecurityActivityQueuePrototype\SecurityActivityQueuePrototype.csproj", "{AD419ADC-CA7B-4A6C-9E0F-A245FC99DAE6}"
EndProject
Project("{9A19103F-16F7-4668-BE54-9A1E7A4F7556}") = "SecurityActivityQueuePrototypeTests", "SecurityActivityQueuePrototypeTests\SecurityActivityQueuePrototypeTests.csproj", "{930ECD86-AC45-4CDC-A02E-991968C999AD}"
EndProject
Project("{9A19103F-16F7-4668-BE54-9A1E7A4F7556}") = "CentralizedIndexingActivityQueuePrototype", "CentralizedIndexingActivityQueuePrototype\CentralizedIndexingActivityQueuePrototype.csproj", "{92C0EBA8-D696-4C09-8A7B-7E98C09D8D7A}"
EndProject
Project("{9A19103F-16F7-4668-BE54-9A1E7A4F7556}") = "CentralizedIndexingActivityQueuePrototypeTests", "CentralizedIndexingActivityQueuePrototypeTests\CentralizedIndexingActivityQueuePrototypeTests.csproj", "{B59388E6-690C-40F9-8B88-09412463861A}"
EndProject
Global
	GlobalSection(SolutionConfigurationPlatforms) = preSolution
		Debug|Any CPU = Debug|Any CPU
		Release|Any CPU = Release|Any CPU
	EndGlobalSection
	GlobalSection(ProjectConfigurationPlatforms) = postSolution
		{AD419ADC-CA7B-4A6C-9E0F-A245FC99DAE6}.Debug|Any CPU.ActiveCfg = Debug|Any CPU
		{AD419ADC-CA7B-4A6C-9E0F-A245FC99DAE6}.Debug|Any CPU.Build.0 = Debug|Any CPU
		{AD419ADC-CA7B-4A6C-9E0F-A245FC99DAE6}.Release|Any CPU.ActiveCfg = Release|Any CPU
		{AD419ADC-CA7B-4A6C-9E0F-A245FC99DAE6}.Release|Any CPU.Build.0 = Release|Any CPU
		{930ECD86-AC45-4CDC-A02E-991968C999AD}.Debug|Any CPU.ActiveCfg = Debug|Any CPU
		{930ECD86-AC45-4CDC-A02E-991968C999AD}.Debug|Any CPU.Build.0 = Debug|Any CPU
		{930ECD86-AC45-4CDC-A02E-991968C999AD}.Release|Any CPU.ActiveCfg = Release|Any CPU
		{930ECD86-AC45-4CDC-A02E-991968C999AD}.Release|Any CPU.Build.0 = Release|Any CPU
		{92C0EBA8-D696-4C09-8A7B-7E98C09D8D7A}.Debug|Any CPU.ActiveCfg = Debug|Any CPU
		{92C0EBA8-D696-4C09-8A7B-7E98C09D8D7A}.Debug|Any CPU.Build.0 = Debug|Any CPU
		{92C0EBA8-D696-4C09-8A7B-7E98C09D8D7A}.Release|Any CPU.ActiveCfg = Release|Any CPU
		{92C0EBA8-D696-4C09-8A7B-7E98C09D8D7A}.Release|Any CPU.Build.0 = Release|Any CPU
		{B59388E6-690C-40F9-8B88-09412463861A}.Debug|Any CPU.ActiveCfg = Debug|Any CPU
		{B59388E6-690C-40F9-8B88-09412463861A}.Debug|Any CPU.Build.0 = Debug|Any CPU
		{B59388E6-690C-40F9-8B88-09412463861A}.Release|Any CPU.ActiveCfg = Release|Any CPU
		{B59388E6-690C-40F9-8B88-09412463861A}.Release|Any CPU.Build.0 = Release|Any CPU
	EndGlobalSection
	GlobalSection(SolutionProperties) = preSolution
		HideSolutionNode = FALSE
	EndGlobalSection
	GlobalSection(ExtensibilityGlobals) = postSolution
		SolutionGuid = {5BC40C44-91FA-479B-84CF-AC2C2F189BBF}
	EndGlobalSection
EndGlobal
